// !$*UTF8*$!
{
	archiveVersion = 1;
	classes = {
	};
	objectVersion = 46;
	objects = {

/* Begin PBXBuildFile section */
		6010B06B1DD431C2001FD3DB /* main.cpp in Sources */ = {isa = PBXBuildFile; fileRef = 6010B06A1DD431C2001FD3DB /* main.cpp */; };
		60C3A0981DDBA1C5000F3145 /* OpenGL.framework in Frameworks */ = {isa = PBXBuildFile; fileRef = 60C3A0971DDBA1C5000F3145 /* OpenGL.framework */; };
/* End PBXBuildFile section */

/* Begin PBXCopyFilesBuildPhase section */
		6010B0651DD431C2001FD3DB /* CopyFiles */ = {
			isa = PBXCopyFilesBuildPhase;
			buildActionMask = 2147483647;
			dstPath = /usr/share/man/man1/;
			dstSubfolderSpec = 0;
			files = (
			);
			runOnlyForDeploymentPostprocessing = 1;
		};
/* End PBXCopyFilesBuildPhase section */

/* Begin PBXFileReference section */
		6010B0671DD431C2001FD3DB /* VerizonDisparityMap */ = {isa = PBXFileReference; explicitFileType = "compiled.mach-o.executable"; includeInIndex = 0; path = VerizonDisparityMap; sourceTree = BUILT_PRODUCTS_DIR; };
		6010B06A1DD431C2001FD3DB /* main.cpp */ = {isa = PBXFileReference; lastKnownFileType = sourcecode.cpp.cpp; path = main.cpp; sourceTree = "<group>"; };
		60C3A0971DDBA1C5000F3145 /* OpenGL.framework */ = {isa = PBXFileReference; lastKnownFileType = wrapper.framework; name = OpenGL.framework; path = System/Library/Frameworks/OpenGL.framework; sourceTree = SDKROOT; };
		60C3A0991DDBA7A5000F3145 /* main.h */ = {isa = PBXFileReference; lastKnownFileType = sourcecode.c.h; path = main.h; sourceTree = "<group>"; };
		60C3A09B1DDBF4CD000F3145 /* renderIt_3D.h */ = {isa = PBXFileReference; fileEncoding = 4; lastKnownFileType = sourcecode.c.h; path = renderIt_3D.h; sourceTree = "<group>"; };
		60C3A0A01DDCCBE3000F3145 /* Disparity_data.h */ = {isa = PBXFileReference; lastKnownFileType = sourcecode.c.h; path = Disparity_data.h; sourceTree = "<group>"; };
/* End PBXFileReference section */

/* Begin PBXFrameworksBuildPhase section */
		6010B0641DD431C2001FD3DB /* Frameworks */ = {
			isa = PBXFrameworksBuildPhase;
			buildActionMask = 2147483647;
			files = (
				60C3A0981DDBA1C5000F3145 /* OpenGL.framework in Frameworks */,
			);
			runOnlyForDeploymentPostprocessing = 0;
		};
/* End PBXFrameworksBuildPhase section */

/* Begin PBXGroup section */
		6010B05E1DD431C2001FD3DB = {
			isa = PBXGroup;
			children = (
				6010B0691DD431C2001FD3DB /* VerizonDisparityMap */,
				6010B0681DD431C2001FD3DB /* Products */,
				60C3A0961DDBA1C5000F3145 /* Frameworks */,
			);
			sourceTree = "<group>";
		};
		6010B0681DD431C2001FD3DB /* Products */ = {
			isa = PBXGroup;
			children = (
				6010B0671DD431C2001FD3DB /* VerizonDisparityMap */,
			);
			name = Products;
			sourceTree = "<group>";
		};
		6010B0691DD431C2001FD3DB /* VerizonDisparityMap */ = {
			isa = PBXGroup;
			children = (
				6010B06A1DD431C2001FD3DB /* main.cpp */,
				60C3A0A01DDCCBE3000F3145 /* Disparity_data.h */,
				60C3A0991DDBA7A5000F3145 /* main.h */,
				60C3A09B1DDBF4CD000F3145 /* renderIt_3D.h */,
			);
			path = VerizonDisparityMap;
			sourceTree = "<group>";
		};
		60C3A0961DDBA1C5000F3145 /* Frameworks */ = {
			isa = PBXGroup;
			children = (
				60C3A0971DDBA1C5000F3145 /* OpenGL.framework */,
			);
			name = Frameworks;
			sourceTree = "<group>";
		};
/* End PBXGroup section */

/* Begin PBXNativeTarget section */
		6010B0661DD431C2001FD3DB /* VerizonDisparityMap */ = {
			isa = PBXNativeTarget;
			buildConfigurationList = 6010B06E1DD431C2001FD3DB /* Build configuration list for PBXNativeTarget "VerizonDisparityMap" */;
			buildPhases = (
				6010B0631DD431C2001FD3DB /* Sources */,
				6010B0641DD431C2001FD3DB /* Frameworks */,
				6010B0651DD431C2001FD3DB /* CopyFiles */,
			);
			buildRules = (
			);
			dependencies = (
			);
			name = VerizonDisparityMap;
			productName = VerizonDisparityMap;
			productReference = 6010B0671DD431C2001FD3DB /* VerizonDisparityMap */;
			productType = "com.apple.product-type.tool";
		};
/* End PBXNativeTarget section */

/* Begin PBXProject section */
		6010B05F1DD431C2001FD3DB /* Project object */ = {
			isa = PBXProject;
			attributes = {
				LastUpgradeCheck = 0810;
				ORGANIZATIONNAME = "Madhusudan Govindraju";
				TargetAttributes = {
					6010B0661DD431C2001FD3DB = {
						CreatedOnToolsVersion = 8.1;
						ProvisioningStyle = Automatic;
					};
				};
			};
			buildConfigurationList = 6010B0621DD431C2001FD3DB /* Build configuration list for PBXProject "VerizonDisparityMap" */;
			compatibilityVersion = "Xcode 3.2";
			developmentRegion = English;
			hasScannedForEncodings = 0;
			knownRegions = (
				en,
			);
			mainGroup = 6010B05E1DD431C2001FD3DB;
			productRefGroup = 6010B0681DD431C2001FD3DB /* Products */;
			projectDirPath = "";
			projectRoot = "";
			targets = (
				6010B0661DD431C2001FD3DB /* VerizonDisparityMap */,
			);
		};
/* End PBXProject section */

/* Begin PBXSourcesBuildPhase section */
		6010B0631DD431C2001FD3DB /* Sources */ = {
			isa = PBXSourcesBuildPhase;
			buildActionMask = 2147483647;
			files = (
				6010B06B1DD431C2001FD3DB /* main.cpp in Sources */,
			);
			runOnlyForDeploymentPostprocessing = 0;
		};
/* End PBXSourcesBuildPhase section */

/* Begin XCBuildConfiguration section */
		6010B06C1DD431C2001FD3DB /* Debug */ = {
			isa = XCBuildConfiguration;
			buildSettings = {
				ALWAYS_SEARCH_USER_PATHS = NO;
				CLANG_ANALYZER_NONNULL = YES;
				CLANG_CXX_LANGUAGE_STANDARD = "gnu++0x";
				CLANG_CXX_LIBRARY = "libc++";
				CLANG_ENABLE_MODULES = YES;
				CLANG_ENABLE_OBJC_ARC = YES;
				CLANG_WARN_BOOL_CONVERSION = YES;
				CLANG_WARN_CONSTANT_CONVERSION = YES;
				CLANG_WARN_DIRECT_OBJC_ISA_USAGE = YES_ERROR;
				CLANG_WARN_DOCUMENTATION_COMMENTS = YES;
				CLANG_WARN_EMPTY_BODY = YES;
				CLANG_WARN_ENUM_CONVERSION = YES;
				CLANG_WARN_INFINITE_RECURSION = YES;
				CLANG_WARN_INT_CONVERSION = YES;
				CLANG_WARN_OBJC_ROOT_CLASS = YES_ERROR;
				CLANG_WARN_SUSPICIOUS_MOVES = YES;
				CLANG_WARN_UNREACHABLE_CODE = YES;
				CLANG_WARN__DUPLICATE_METHOD_MATCH = YES;
				CODE_SIGN_IDENTITY = "-";
				COPY_PHASE_STRIP = NO;
				DEBUG_INFORMATION_FORMAT = dwarf;
				ENABLE_STRICT_OBJC_MSGSEND = YES;
				ENABLE_TESTABILITY = YES;
				GCC_C_LANGUAGE_STANDARD = gnu99;
				GCC_DYNAMIC_NO_PIC = NO;
				GCC_NO_COMMON_BLOCKS = YES;
				GCC_OPTIMIZATION_LEVEL = 0;
				GCC_PREPROCESSOR_DEFINITIONS = (
					"DEBUG=1",
					"$(inherited)",
				);
				GCC_WARN_64_TO_32_BIT_CONVERSION = YES;
				GCC_WARN_ABOUT_RETURN_TYPE = YES_ERROR;
				GCC_WARN_UNDECLARED_SELECTOR = YES;
				GCC_WARN_UNINITIALIZED_AUTOS = YES_AGGRESSIVE;
				GCC_WARN_UNUSED_FUNCTION = YES;
				GCC_WARN_UNUSED_VARIABLE = YES;
				MACOSX_DEPLOYMENT_TARGET = 10.11;
				MTL_ENABLE_DEBUG_INFO = YES;
				ONLY_ACTIVE_ARCH = YES;
				SDKROOT = macosx;
			};
			name = Debug;
		};
		6010B06D1DD431C2001FD3DB /* Release */ = {
			isa = XCBuildConfiguration;
			buildSettings = {
				ALWAYS_SEARCH_USER_PATHS = NO;
				CLANG_ANALYZER_NONNULL = YES;
				CLANG_CXX_LANGUAGE_STANDARD = "gnu++0x";
				CLANG_CXX_LIBRARY = "libc++";
				CLANG_ENABLE_MODULES = YES;
				CLANG_ENABLE_OBJC_ARC = YES;
				CLANG_WARN_BOOL_CONVERSION = YES;
				CLANG_WARN_CONSTANT_CONVERSION = YES;
				CLANG_WARN_DIRECT_OBJC_ISA_USAGE = YES_ERROR;
				CLANG_WARN_DOCUMENTATION_COMMENTS = YES;
				CLANG_WARN_EMPTY_BODY = YES;
				CLANG_WARN_ENUM_CONVERSION = YES;
				CLANG_WARN_INFINITE_RECURSION = YES;
				CLANG_WARN_INT_CONVERSION = YES;
				CLANG_WARN_OBJC_ROOT_CLASS = YES_ERROR;
				CLANG_WARN_SUSPICIOUS_MOVES = YES;
				CLANG_WARN_UNREACHABLE_CODE = YES;
				CLANG_WARN__DUPLICATE_METHOD_MATCH = YES;
				CODE_SIGN_IDENTITY = "-";
				COPY_PHASE_STRIP = NO;
				DEBUG_INFORMATION_FORMAT = "dwarf-with-dsym";
				ENABLE_NS_ASSERTIONS = NO;
				ENABLE_STRICT_OBJC_MSGSEND = YES;
				GCC_C_LANGUAGE_STANDARD = gnu99;
				GCC_NO_COMMON_BLOCKS = YES;
				GCC_WARN_64_TO_32_BIT_CONVERSION = YES;
				GCC_WARN_ABOUT_RETURN_TYPE = YES_ERROR;
				GCC_WARN_UNDECLARED_SELECTOR = YES;
				GCC_WARN_UNINITIALIZED_AUTOS = YES_AGGRESSIVE;
				GCC_WARN_UNUSED_FUNCTION = YES;
				GCC_WARN_UNUSED_VARIABLE = YES;
				MACOSX_DEPLOYMENT_TARGET = 10.11;
				MTL_ENABLE_DEBUG_INFO = NO;
				SDKROOT = macosx;
			};
			name = Release;
		};
		6010B06F1DD431C2001FD3DB /* Debug */ = {
			isa = XCBuildConfiguration;
			buildSettings = {
				HEADER_SEARCH_PATHS = (
					/usr/local/include,
					/opt/X11/include,
				);
				LIBRARY_SEARCH_PATHS = (
					/usr/local/lib,
					/opt/X11/lib,
				);
				OTHER_LDFLAGS = (
					"-lopencv_stitching",
					"-lopencv_superres",
					"-lopencv_videostab",
					"-lopencv_aruco",
					"-lopencv_bgsegm",
					"-lopencv_bioinspired",
					"-lopencv_ccalib",
					"-lopencv_dnn",
					"-lopencv_dpm",
					"-lopencv_fuzzy",
					"-lopencv_line_descriptor",
					"-lopencv_optflow",
					"-lopencv_plot",
					"-lopencv_reg",
					"-lopencv_saliency",
					"-lopencv_stereo",
					"-lopencv_structured_light",
					"-lopencv_phase_unwrapping",
					"-lopencv_rgbd",
					"-lopencv_surface_matching",
					"-lopencv_tracking",
					"-lopencv_datasets",
					"-lopencv_text",
					"-lopencv_face",
					"-lopencv_xfeatures2d",
					"-lopencv_shape",
					"-lopencv_video",
					"-lopencv_ximgproc",
					"-lopencv_calib3d",
					"-lopencv_features2d",
					"-lopencv_flann",
					"-lopencv_xobjdetect",
					"-lopencv_objdetect",
					"-lopencv_ml",
					"-lopencv_xphoto",
					"-lopencv_highgui",
					"-lopencv_videoio",
					"-lopencv_imgcodecs",
					"-lopencv_photo",
					"-lopencv_imgproc",
					"-lGLUT",
					"-lopencv_core",
				);
				PRODUCT_NAME = "$(TARGET_NAME)";
			};
			name = Debug;
		};
		6010B0701DD431C2001FD3DB /* Release */ = {
			isa = XCBuildConfiguration;
			buildSettings = {
				HEADER_SEARCH_PATHS = (
					/usr/local/include,
					/opt/X11/include,
				);
				LIBRARY_SEARCH_PATHS = (
					/usr/local/lib,
					/opt/X11/lib,
				);
				OTHER_LDFLAGS = (
					"-lopencv_stitching",
					"-lopencv_superres",
					"-lopencv_videostab",
					"-lopencv_aruco",
					"-lopencv_bgsegm",
					"-lopencv_bioinspired",
					"-lopencv_ccalib",
					"-lopencv_dnn",
					"-lopencv_dpm",
					"-lopencv_fuzzy",
					"-lopencv_line_descriptor",
					"-lopencv_optflow",
					"-lopencv_plot",
					"-lopencv_reg",
					"-lopencv_saliency",
					"-lopencv_stereo",
					"-lopencv_structured_light",
					"-lopencv_phase_unwrapping",
					"-lopencv_rgbd",
					"-lopencv_surface_matching",
					"-lopencv_tracking",
					"-lopencv_datasets",
					"-lopencv_text",
					"-lopencv_face",
					"-lopencv_xfeatures2d",
					"-lopencv_shape",
					"-lopencv_video",
					"-lopencv_ximgproc",
					"-lopencv_calib3d",
					"-lopencv_features2d",
					"-lopencv_flann",
					"-lopencv_xobjdetect",
					"-lopencv_objdetect",
					"-lopencv_ml",
					"-lopencv_xphoto",
					"-lopencv_highgui",
					"-lopencv_videoio",
					"-lopencv_imgcodecs",
					"-lopencv_photo",
					"-lopencv_imgproc",
					"-lGLUT",
					"-lopencv_core",
				);
				PRODUCT_NAME = "$(TARGET_NAME)";
			};
			name = Release;
		};
/* End XCBuildConfiguration section */

/* Begin XCConfigurationList section */
		6010B0621DD431C2001FD3DB /* Build configuration list for PBXProject "VerizonDisparityMap" */ = {
			isa = XCConfigurationList;
			buildConfigurations = (
				6010B06C1DD431C2001FD3DB /* Debug */,
				6010B06D1DD431C2001FD3DB /* Release */,
			);
			defaultConfigurationIsVisible = 0;
			defaultConfigurationName = Release;
		};
		6010B06E1DD431C2001FD3DB /* Build configuration list for PBXNativeTarget "VerizonDisparityMap" */ = {
			isa = XCConfigurationList;
			buildConfigurations = (
				6010B06F1DD431C2001FD3DB /* Debug */,
				6010B0701DD431C2001FD3DB /* Release */,
			);
			defaultConfigurationIsVisible = 0;
			defaultConfigurationName = Release;
		};
/* End XCConfigurationList section */
	};
	rootObject = 6010B05F1DD431C2001FD3DB /* Project object */;
}
